
Microsoft Visual Studio Solution File, Format Version 12.00
# Visual Studio Version 16
VisualStudioVersion = 16.0.29102.190
MinimumVisualStudioVersion = 10.0.40219.1
Project("{FAE04EC0-301F-11D3-BF4B-00C04F79EFBC}") = "GitHubBuddyHost", "GitHubBuddyHost.csproj", "{CA3FA77F-107E-4C2E-A841-A33C5D29564F}"
EndProject
Project("{FAE04EC0-301F-11D3-BF4B-00C04F79EFBC}") = "PReviewer.Core", "..\..\PReviewerNative\PReviewer.Core\PReviewer.Core.csproj", "{02C5D035-15EE-4D3B-8DEE-DDCE4CFCF492}"
EndProject
Global
	GlobalSection(SolutionConfigurationPlatforms) = preSolution
		Debug|Any CPU = Debug|Any CPU
		Release|Any CPU = Release|Any CPU
	EndGlobalSection
	GlobalSection(ProjectConfigurationPlatforms) = postSolution
		{CA3FA77F-107E-4C2E-A841-A33C5D29564F}.Debug|Any CPU.ActiveCfg = Debug|Any CPU
		{CA3FA77F-107E-4C2E-A841-A33C5D29564F}.Debug|Any CPU.Build.0 = Debug|Any CPU
		{CA3FA77F-107E-4C2E-A841-A33C5D29564F}.Release|Any CPU.ActiveCfg = Release|Any CPU
		{CA3FA77F-107E-4C2E-A841-A33C5D29564F}.Release|Any CPU.Build.0 = Release|Any CPU
		{02C5D035-15EE-4D3B-8DEE-DDCE4CFCF492}.Debug|Any CPU.ActiveCfg = Debug|Any CPU
		{02C5D035-15EE-4D3B-8DEE-DDCE4CFCF492}.Debug|Any CPU.Build.0 = Debug|Any CPU
		{02C5D035-15EE-4D3B-8DEE-DDCE4CFCF492}.Release|Any CPU.ActiveCfg = Release|Any CPU
		{02C5D035-15EE-4D3B-8DEE-DDCE4CFCF492}.Release|Any CPU.Build.0 = Release|Any CPU
	EndGlobalSection
	GlobalSection(SolutionProperties) = preSolution
		HideSolutionNode = FALSE
	EndGlobalSection
	GlobalSection(ExtensibilityGlobals) = postSolution
		SolutionGuid = {A8937E51-9485-4745-91F5-12FF04329D97}
	EndGlobalSection
EndGlobal
